PODS:
  - MGDeeplinkNavigator/DeeplinkNavigator (0.0.2)
  - MGDeeplinkNavigator/MGDeeplinkNavigator_Extension (0.0.2):
    - MGDeeplinkNavigator/DeeplinkNavigator
  - Nimble (7.0.2)
  - Quick (1.2.0)

DEPENDENCIES:
  - MGDeeplinkNavigator/MGDeeplinkNavigator_Extension (from `../`)
  - Nimble (~> 7.0.2)
  - Quick (~> 1.2.0)

EXTERNAL SOURCES:
  MGDeeplinkNavigator:
    :path: ../

SPEC CHECKSUMS:
  MGDeeplinkNavigator: c1ab15a9f100d4cb8cfe600cb53aa89ed1eb47f2
  Nimble: bfe1f814edabba69ff145cb1283e04ed636a67f2
  Quick: 58d203b1c5e27fff7229c4c1ae445ad7069a7a08

PODFILE CHECKSUM: 914dcd8e2650b9681048b2428cdba686630d1c6f

COCOAPODS: 1.3.1
